// !$*UTF8*$!
{
	archiveVersion = 1;
	classes = {
	};
	objectVersion = 46;
	objects = {

/* Begin PBXBuildFile section */
		0488490516E5751200BCB8ED /* main.cpp in Sources */ = {isa = PBXBuildFile; fileRef = 0488490416E5751200BCB8ED /* main.cpp */; };
		0488490716E5751200BCB8ED /* Binary_Tree.1 in CopyFiles */ = {isa = PBXBuildFile; fileRef = 0488490616E5751200BCB8ED /* Binary_Tree.1 */; };
/* End PBXBuildFile section */

/* Begin PBXCopyFilesBuildPhase section */
		048848FF16E5751200BCB8ED /* CopyFiles */ = {
			isa = PBXCopyFilesBuildPhase;
			buildActionMask = 2147483647;
			dstPath = /usr/share/man/man1/;
			dstSubfolderSpec = 0;
			files = (
				0488490716E5751200BCB8ED /* Binary_Tree.1 in CopyFiles */,
			);
			runOnlyForDeploymentPostprocessing = 1;
		};
/* End PBXCopyFilesBuildPhase section */

/* Begin PBXFileReference section */
		0488490116E5751200BCB8ED /* Binary-Tree */ = {isa = PBXFileReference; explicitFileType = "compiled.mach-o.executable"; includeInIndex = 0; path = "Binary-Tree"; sourceTree = BUILT_PRODUCTS_DIR; };
		0488490416E5751200BCB8ED /* main.cpp */ = {isa = PBXFileReference; lastKnownFileType = sourcecode.cpp.cpp; path = main.cpp; sourceTree = "<group>"; };
		0488490616E5751200BCB8ED /* Binary_Tree.1 */ = {isa = PBXFileReference; lastKnownFileType = text.man; path = Binary_Tree.1; sourceTree = "<group>"; };
/* End PBXFileReference section */

/* Begin PBXFrameworksBuildPhase section */
		048848FE16E5751200BCB8ED /* Frameworks */ = {
			isa = PBXFrameworksBuildPhase;
			buildActionMask = 2147483647;
			files = (
			);
			runOnlyForDeploymentPostprocessing = 0;
		};
/* End PBXFrameworksBuildPhase section */

/* Begin PBXGroup section */
		048848F816E5751200BCB8ED = {
			isa = PBXGroup;
			children = (
				0488490316E5751200BCB8ED /* Binary-Tree */,
				0488490216E5751200BCB8ED /* Products */,
			);
			sourceTree = "<group>";
		};
		0488490216E5751200BCB8ED /* Products */ = {
			isa = PBXGroup;
			children = (
				0488490116E5751200BCB8ED /* Binary-Tree */,
			);
			name = Products;
			sourceTree = "<group>";
		};
		0488490316E5751200BCB8ED /* Binary-Tree */ = {
			isa = PBXGroup;
			children = (
				0488490416E5751200BCB8ED /* main.cpp */,
				0488490616E5751200BCB8ED /* Binary_Tree.1 */,
			);
			path = "Binary-Tree";
			sourceTree = "<group>";
		};
/* End PBXGroup section */

/* Begin PBXNativeTarget section */
		0488490016E5751200BCB8ED /* Binary-Tree */ = {
			isa = PBXNativeTarget;
			buildConfigurationList = 0488490A16E5751200BCB8ED /* Build configuration list for PBXNativeTarget "Binary-Tree" */;
			buildPhases = (
				048848FD16E5751200BCB8ED /* Sources */,
				048848FE16E5751200BCB8ED /* Frameworks */,
				048848FF16E5751200BCB8ED /* CopyFiles */,
			);
			buildRules = (
			);
			dependencies = (
			);
			name = "Binary-Tree";
			productName = "Binary-Tree";
			productReference = 0488490116E5751200BCB8ED /* Binary-Tree */;
			productType = "com.apple.product-type.tool";
		};
/* End PBXNativeTarget section */

/* Begin PBXProject section */
		048848F916E5751200BCB8ED /* Project object */ = {
			isa = PBXProject;
			attributes = {
				LastUpgradeCheck = 0460;
				ORGANIZATIONNAME = "Jack Farrant";
			};
			buildConfigurationList = 048848FC16E5751200BCB8ED /* Build configuration list for PBXProject "Binary-Tree" */;
			compatibilityVersion = "Xcode 3.2";
			developmentRegion = English;
			hasScannedForEncodings = 0;
			knownRegions = (
				en,
			);
			mainGroup = 048848F816E5751200BCB8ED;
			productRefGroup = 0488490216E5751200BCB8ED /* Products */;
			projectDirPath = "";
			projectRoot = "";
			targets = (
				0488490016E5751200BCB8ED /* Binary-Tree */,
			);
		};
/* End PBXProject section */

/* Begin PBXSourcesBuildPhase section */
		048848FD16E5751200BCB8ED /* Sources */ = {
			isa = PBXSourcesBuildPhase;
			buildActionMask = 2147483647;
			files = (
				0488490516E5751200BCB8ED /* main.cpp in Sources */,
			);
			runOnlyForDeploymentPostprocessing = 0;
		};
/* End PBXSourcesBuildPhase section */

/* Begin XCBuildConfiguration section */
		0488490816E5751200BCB8ED /* Debug */ = {
			isa = XCBuildConfiguration;
			buildSettings = {
				ALWAYS_SEARCH_USER_PATHS = NO;
				ARCHS = "$(ARCHS_STANDARD_64_BIT)";
				CLANG_CXX_LANGUAGE_STANDARD = "gnu++0x";
				CLANG_CXX_LIBRARY = "libc++";
				CLANG_ENABLE_OBJC_ARC = YES;
				CLANG_WARN_CONSTANT_CONVERSION = YES;
				CLANG_WARN_EMPTY_BODY = YES;
				CLANG_WARN_ENUM_CONVERSION = YES;
				CLANG_WARN_INT_CONVERSION = YES;
				CLANG_WARN__DUPLICATE_METHOD_MATCH = YES;
				COPY_PHASE_STRIP = NO;
				GCC_C_LANGUAGE_STANDARD = gnu99;
				GCC_DYNAMIC_NO_PIC = NO;
				GCC_ENABLE_OBJC_EXCEPTIONS = YES;
				GCC_OPTIMIZATION_LEVEL = 0;
				GCC_PREPROCESSOR_DEFINITIONS = (
					"DEBUG=1",
					"$(inherited)",
				);
				GCC_SYMBOLS_PRIVATE_EXTERN = NO;
				GCC_WARN_64_TO_32_BIT_CONVERSION = YES;
				GCC_WARN_ABOUT_RETURN_TYPE = YES;
				GCC_WARN_UNINITIALIZED_AUTOS = YES;
				GCC_WARN_UNUSED_VARIABLE = YES;
				MACOSX_DEPLOYMENT_TARGET = 10.8;
				ONLY_ACTIVE_ARCH = YES;
				SDKROOT = macosx;
			};
			name = Debug;
		};
		0488490916E5751200BCB8ED /* Release */ = {
			isa = XCBuildConfiguration;
			buildSettings = {
				ALWAYS_SEARCH_USER_PATHS = NO;
				ARCHS = "$(ARCHS_STANDARD_64_BIT)";
				CLANG_CXX_LANGUAGE_STANDARD = "gnu++0x";
				CLANG_CXX_LIBRARY = "libc++";
				CLANG_ENABLE_OBJC_ARC = YES;
				CLANG_WARN_CONSTANT_CONVERSION = YES;
				CLANG_WARN_EMPTY_BODY = YES;
				CLANG_WARN_ENUM_CONVERSION = YES;
				CLANG_WARN_INT_CONVERSION = YES;
				CLANG_WARN__DUPLICATE_METHOD_MATCH = YES;
				COPY_PHASE_STRIP = YES;
				DEBUG_INFORMATION_FORMAT = "dwarf-with-dsym";
				GCC_C_LANGUAGE_STANDARD = gnu99;
				GCC_ENABLE_OBJC_EXCEPTIONS = YES;
				GCC_WARN_64_TO_32_BIT_CONVERSION = YES;
				GCC_WARN_ABOUT_RETURN_TYPE = YES;
				GCC_WARN_UNINITIALIZED_AUTOS = YES;
				GCC_WARN_UNUSED_VARIABLE = YES;
				MACOSX_DEPLOYMENT_TARGET = 10.8;
				SDKROOT = macosx;
			};
			name = Release;
		};
		0488490B16E5751200BCB8ED /* Debug */ = {
			isa = XCBuildConfiguration;
			buildSettings = {
				PRODUCT_NAME = "$(TARGET_NAME)";
			};
			name = Debug;
		};
		0488490C16E5751200BCB8ED /* Release */ = {
			isa = XCBuildConfiguration;
			buildSettings = {
				PRODUCT_NAME = "$(TARGET_NAME)";
			};
			name = Release;
		};
/* End XCBuildConfiguration section */

/* Begin XCConfigurationList section */
		048848FC16E5751200BCB8ED /* Build configuration list for PBXProject "Binary-Tree" */ = {
			isa = XCConfigurationList;
			buildConfigurations = (
				0488490816E5751200BCB8ED /* Debug */,
				0488490916E5751200BCB8ED /* Release */,
			);
			defaultConfigurationIsVisible = 0;
			defaultConfigurationName = Release;
		};
		0488490A16E5751200BCB8ED /* Build configuration list for PBXNativeTarget "Binary-Tree" */ = {
			isa = XCConfigurationList;
			buildConfigurations = (
				0488490B16E5751200BCB8ED /* Debug */,
				0488490C16E5751200BCB8ED /* Release */,
			);
			defaultConfigurationIsVisible = 0;
		};
/* End XCConfigurationList section */
	};
	rootObject = 048848F916E5751200BCB8ED /* Project object */;
}
